
Microsoft Visual Studio Solution File, Format Version 12.00
# Visual Studio Version 17
VisualStudioVersion = 17.7.34031.279
MinimumVisualStudioVersion = 10.0.40219.1
Project("{8BC9CEB8-8B4A-11D0-8D11-00A0C91BC942}") = "Sandbox", "Sandbox\Sandbox.vcxproj", "{66A7F221-CE58-4630-964E-E26437DEB4D3}"
EndProject
Project("{8BC9CEB8-8B4A-11D0-8D11-00A0C91BC942}") = "MakeEngine", "MakeEngine\MakeEngine.vcxproj", "{FE4CF98B-4BD8-4D2F-8B1E-F56D2C780670}"
EndProject
Global
	GlobalSection(SolutionConfigurationPlatforms) = preSolution
		Debug|x64 = Debug|x64
		Release|x64 = Release|x64
	EndGlobalSection
	GlobalSection(ProjectConfigurationPlatforms) = postSolution
		{FE4CF98B-4BD8-4D2F-8B1E-F56D2C780670}.Debug|x64.ActiveCfg = Debug|x64
		{FE4CF98B-4BD8-4D2F-8B1E-F56D2C780670}.Debug|x64.Build.0 = Debug|x64
		{FE4CF98B-4BD8-4D2F-8B1E-F56D2C780670}.Release|x64.ActiveCfg = Release|x64
		{FE4CF98B-4BD8-4D2F-8B1E-F56D2C780670}.Release|x64.Build.0 = Release|x64
		{66A7F221-CE58-4630-964E-E26437DEB4D3}.Debug|x64.ActiveCfg = Debug|x64
		{66A7F221-CE58-4630-964E-E26437DEB4D3}.Debug|x64.Build.0 = Debug|x64
		{66A7F221-CE58-4630-964E-E26437DEB4D3}.Release|x64.ActiveCfg = Release|x64
		{66A7F221-CE58-4630-964E-E26437DEB4D3}.Release|x64.Build.0 = Release|x64
	EndGlobalSection
	GlobalSection(SolutionProperties) = preSolution
		HideSolutionNode = FALSE
	EndGlobalSection
	GlobalSection(ExtensibilityGlobals) = postSolution
		SolutionGuid = {B66CBF56-7422-4257-871E-CAA840EE36AE}
	EndGlobalSection
EndGlobal
