<?xml version="1.0" encoding="utf-8"?>
<Project ToolsVersion="4.0" xmlns="http://schemas.microsoft.com/developer/msbuild/2003">
  <ItemGroup>
    <Filter Include="MakeEngine">
      <UniqueIdentifier>{D90C3557-C5C4-76A4-2ECC-4F001AA31195}</UniqueIdentifier>
    </Filter>
    <Filter Include="MakeEngine\Events">
      <UniqueIdentifier>{9DAAD2AE-09C1-D044-5238-5C66BE8DA1CC}</UniqueIdentifier>
    </Filter>
    <Filter Include="MakeEngine\ImGui">
      <UniqueIdentifier>{C300F498-AFF9-12EB-D82B-F86FC483F2F6}</UniqueIdentifier>
    </Filter>
    <Filter Include="Platform">
      <UniqueIdentifier>{2AC788B4-1694-E3BF-3FAD-D1672BD9184E}</UniqueIdentifier>
    </Filter>
    <Filter Include="Platform\OpenGL">
      <UniqueIdentifier>{1E7D2C1D-8A08-9AE1-9319-1DD6FF23F6E1}</UniqueIdentifier>
    </Filter>
    <Filter Include="Platform\Windows">
      <UniqueIdentifier>{64FBD71A-50F4-F66C-7926-DCF1657ED678}</UniqueIdentifier>
    </Filter>
  </ItemGroup>
  <ItemGroup>
    <ClInclude Include="src\MakeEngine.h" />
    <ClInclude Include="src\MakeEngine\Application.h">
      <Filter>MakeEngine</Filter>
    </ClInclude>
    <ClInclude Include="src\MakeEngine\Core.h">
      <Filter>MakeEngine</Filter>
    </ClInclude>
    <ClInclude Include="src\MakeEngine\EntryPoint.h">
      <Filter>MakeEngine</Filter>
    </ClInclude>
    <ClInclude Include="src\MakeEngine\Events\ApplicationEvent.h">
      <Filter>MakeEngine\Events</Filter>
    </ClInclude>
    <ClInclude Include="src\MakeEngine\Events\Event.h">
      <Filter>MakeEngine\Events</Filter>
    </ClInclude>
    <ClInclude Include="src\MakeEngine\Events\KeyEvent.h">
      <Filter>MakeEngine\Events</Filter>
    </ClInclude>
    <ClInclude Include="src\MakeEngine\Events\MouseEvent.h">
      <Filter>MakeEngine\Events</Filter>
    </ClInclude>
    <ClInclude Include="src\MakeEngine\ImGui\ImGuiLayer.h">
      <Filter>MakeEngine\ImGui</Filter>
    </ClInclude>
    <ClInclude Include="src\MakeEngine\Layer.h">
      <Filter>MakeEngine</Filter>
    </ClInclude>
    <ClInclude Include="src\MakeEngine\LayerStack.h">
      <Filter>MakeEngine</Filter>
    </ClInclude>
    <ClInclude Include="src\MakeEngine\Log.h">
      <Filter>MakeEngine</Filter>
    </ClInclude>
    <ClInclude Include="src\MakeEngine\Window.h">
      <Filter>MakeEngine</Filter>
    </ClInclude>
    <ClInclude Include="src\Platform\OpenGL\ImGuiOpenGLRenderer.h">
      <Filter>Platform\OpenGL</Filter>
    </ClInclude>
    <ClInclude Include="src\Platform\Windows\WindowsWindow.h">
      <Filter>Platform\Windows</Filter>
    </ClInclude>
    <ClInclude Include="src\mkpch.h" />
  </ItemGroup>
  <ItemGroup>
    <ClCompile Include="src\MakeEngine\Application.cpp">
      <Filter>MakeEngine</Filter>
    </ClCompile>
    <ClCompile Include="src\MakeEngine\ImGui\ImGuiLayer.cpp">
      <Filter>MakeEngine\ImGui</Filter>
    </ClCompile>
    <ClCompile Include="src\MakeEngine\Layer.cpp">
      <Filter>MakeEngine</Filter>
    </ClCompile>
    <ClCompile Include="src\MakeEngine\LayerStack.cpp">
      <Filter>MakeEngine</Filter>
    </ClCompile>
    <ClCompile Include="src\MakeEngine\Log.cpp">
      <Filter>MakeEngine</Filter>
    </ClCompile>
    <ClCompile Include="src\Platform\OpenGL\ImGuiOpenGLRenderer.cpp">
      <Filter>Platform\OpenGL</Filter>
    </ClCompile>
    <ClCompile Include="src\Platform\Windows\WindowsWindow.cpp">
      <Filter>Platform\Windows</Filter>
    </ClCompile>
    <ClCompile Include="src\mkpch.cpp" />
  </ItemGroup>
</Project>