<?xml version="1.0" encoding="utf-8"?>
<Project ToolsVersion="4.0" xmlns="http://schemas.microsoft.com/developer/msbuild/2003">
  <ItemGroup>
    <Filter Include="MakeEngine">
      <UniqueIdentifier>{D90C3557-C5C4-76A4-2ECC-4F001AA31195}</UniqueIdentifier>
    </Filter>
  </ItemGroup>
  <ItemGroup>
    <ClInclude Include="src\MakeEngine.h" />
    <ClInclude Include="src\MakeEngine\Application.h">
      <Filter>MakeEngine</Filter>
    </ClInclude>
    <ClInclude Include="src\MakeEngine\Core.h">
      <Filter>MakeEngine</Filter>
    </ClInclude>
    <ClInclude Include="src\MakeEngine\EntryPoint.h">
      <Filter>MakeEngine</Filter>
    </ClInclude>
    <ClInclude Include="src\MakeEngine\Log.h">
      <Filter>MakeEngine</Filter>
    </ClInclude>
  </ItemGroup>
  <ItemGroup>
    <ClCompile Include="src\MakeEngine\Application.cpp">
      <Filter>MakeEngine</Filter>
    </ClCompile>
    <ClCompile Include="src\MakeEngine\Log.cpp">
      <Filter>MakeEngine</Filter>
    </ClCompile>
  </ItemGroup>
</Project>